// !$*UTF8*$!
{
	archiveVersion = 1;
	classes = {
	};
	objectVersion = 56;
	objects = {

/* Begin PBXBuildFile section */
		F3F48DEA2B14349A00BE7682 /* AppDelegate.swift in Sources */ = {isa = PBXBuildFile; fileRef = F3F48DE92B14349A00BE7682 /* AppDelegate.swift */; };
		F3F48DEC2B14349A00BE7682 /* SceneDelegate.swift in Sources */ = {isa = PBXBuildFile; fileRef = F3F48DEB2B14349A00BE7682 /* SceneDelegate.swift */; };
		F3F48DEF2B14349A00BE7682 /* LaunchScreen.storyboard in Resources */ = {isa = PBXBuildFile; fileRef = F3F48DED2B14349A00BE7682 /* LaunchScreen.storyboard */; };
		F3F48DF22B14349A00BE7682 /* Main.storyboard in Resources */ = {isa = PBXBuildFile; fileRef = F3F48DF02B14349A00BE7682 /* Main.storyboard */; };
		F3F48DFB2B14349A00BE7682 /* AppDelegate.swift in Sources */ = {isa = PBXBuildFile; fileRef = F3F48DFA2B14349A00BE7682 /* AppDelegate.swift */; };
		F3F48DFE2B14349A00BE7682 /* Main.storyboard in Resources */ = {isa = PBXBuildFile; fileRef = F3F48DFC2B14349A00BE7682 /* Main.storyboard */; };
		F3F48E062B14349A00BE7682 /* LeetHub v2 Extension.appex in Embed Foundation Extensions */ = {isa = PBXBuildFile; fileRef = F3F48E052B14349A00BE7682 /* LeetHub v2 Extension.appex */; settings = {ATTRIBUTES = (RemoveHeadersOnCopy, ); }; };
		F3F48E102B14349A00BE7682 /* LeetHub v2 Extension.appex in Embed Foundation Extensions */ = {isa = PBXBuildFile; fileRef = F3F48E0F2B14349A00BE7682 /* LeetHub v2 Extension.appex */; settings = {ATTRIBUTES = (RemoveHeadersOnCopy, ); }; };
		F3F48E162B14349A00BE7682 /* Main.html in Resources */ = {isa = PBXBuildFile; fileRef = F3F48DD92B14349800BE7682 /* Main.html */; };
		F3F48E172B14349A00BE7682 /* Main.html in Resources */ = {isa = PBXBuildFile; fileRef = F3F48DD92B14349800BE7682 /* Main.html */; };
		F3F48E182B14349A00BE7682 /* Icon.png in Resources */ = {isa = PBXBuildFile; fileRef = F3F48DDB2B14349800BE7682 /* Icon.png */; };
		F3F48E192B14349A00BE7682 /* Icon.png in Resources */ = {isa = PBXBuildFile; fileRef = F3F48DDB2B14349800BE7682 /* Icon.png */; };
		F3F48E1A2B14349A00BE7682 /* Style.css in Resources */ = {isa = PBXBuildFile; fileRef = F3F48DDC2B14349800BE7682 /* Style.css */; };
		F3F48E1B2B14349A00BE7682 /* Style.css in Resources */ = {isa = PBXBuildFile; fileRef = F3F48DDC2B14349800BE7682 /* Style.css */; };
		F3F48E1C2B14349A00BE7682 /* Script.js in Resources */ = {isa = PBXBuildFile; fileRef = F3F48DDD2B14349800BE7682 /* Script.js */; };
		F3F48E1D2B14349A00BE7682 /* Script.js in Resources */ = {isa = PBXBuildFile; fileRef = F3F48DDD2B14349800BE7682 /* Script.js */; };
		F3F48E1E2B14349A00BE7682 /* ViewController.swift in Sources */ = {isa = PBXBuildFile; fileRef = F3F48DDE2B14349800BE7682 /* ViewController.swift */; };
		F3F48E1F2B14349A00BE7682 /* ViewController.swift in Sources */ = {isa = PBXBuildFile; fileRef = F3F48DDE2B14349800BE7682 /* ViewController.swift */; };
		F3F48E202B14349A00BE7682 /* Assets.xcassets in Resources */ = {isa = PBXBuildFile; fileRef = F3F48DDF2B14349A00BE7682 /* Assets.xcassets */; };
		F3F48E212B14349A00BE7682 /* Assets.xcassets in Resources */ = {isa = PBXBuildFile; fileRef = F3F48DDF2B14349A00BE7682 /* Assets.xcassets */; };
		F3F48E222B14349A00BE7682 /* SafariWebExtensionHandler.swift in Sources */ = {isa = PBXBuildFile; fileRef = F3F48DE12B14349A00BE7682 /* SafariWebExtensionHandler.swift */; };
		F3F48E232B14349A00BE7682 /* SafariWebExtensionHandler.swift in Sources */ = {isa = PBXBuildFile; fileRef = F3F48DE12B14349A00BE7682 /* SafariWebExtensionHandler.swift */; };
		F3F48E412B14349A00BE7682 /* popup.js in Resources */ = {isa = PBXBuildFile; fileRef = F3F48E352B14349A00BE7682 /* popup.js */; };
		F3F48E422B14349A00BE7682 /* LICENSE in Resources */ = {isa = PBXBuildFile; fileRef = F3F48E362B14349A00BE7682 /* LICENSE */; };
		F3F48E432B14349A00BE7682 /* css in Resources */ = {isa = PBXBuildFile; fileRef = F3F48E372B14349A00BE7682 /* css */; };
		F3F48E442B14349A00BE7682 /* popup.html in Resources */ = {isa = PBXBuildFile; fileRef = F3F48E382B14349A00BE7682 /* popup.html */; };
		F3F48E452B14349A00BE7682 /* node_modules in Resources */ = {isa = PBXBuildFile; fileRef = F3F48E392B14349A00BE7682 /* node_modules */; };
		F3F48E462B14349A00BE7682 /* README.md in Resources */ = {isa = PBXBuildFile; fileRef = F3F48E3A2B14349A00BE7682 /* README.md */; };
		F3F48E472B14349A00BE7682 /* package-lock.json in Resources */ = {isa = PBXBuildFile; fileRef = F3F48E3B2B14349A00BE7682 /* package-lock.json */; };
		F3F48E482B14349A00BE7682 /* package.json in Resources */ = {isa = PBXBuildFile; fileRef = F3F48E3C2B14349A00BE7682 /* package.json */; };
		F3F48E492B14349A00BE7682 /* scripts in Resources */ = {isa = PBXBuildFile; fileRef = F3F48E3D2B14349A00BE7682 /* scripts */; };
		F3F48E4A2B14349A00BE7682 /* welcome.html in Resources */ = {isa = PBXBuildFile; fileRef = F3F48E3E2B14349A00BE7682 /* welcome.html */; };
		F3F48E4B2B14349A00BE7682 /* manifest.json in Resources */ = {isa = PBXBuildFile; fileRef = F3F48E3F2B14349A00BE7682 /* manifest.json */; };
		F3F48E4C2B14349A00BE7682 /* assets in Resources */ = {isa = PBXBuildFile; fileRef = F3F48E402B14349A00BE7682 /* assets */; };
		F3F48E4D2B14349A00BE7682 /* popup.js in Resources */ = {isa = PBXBuildFile; fileRef = F3F48E352B14349A00BE7682 /* popup.js */; };
		F3F48E4E2B14349A00BE7682 /* LICENSE in Resources */ = {isa = PBXBuildFile; fileRef = F3F48E362B14349A00BE7682 /* LICENSE */; };
		F3F48E4F2B14349A00BE7682 /* css in Resources */ = {isa = PBXBuildFile; fileRef = F3F48E372B14349A00BE7682 /* css */; };
		F3F48E502B14349A00BE7682 /* popup.html in Resources */ = {isa = PBXBuildFile; fileRef = F3F48E382B14349A00BE7682 /* popup.html */; };
		F3F48E512B14349A00BE7682 /* node_modules in Resources */ = {isa = PBXBuildFile; fileRef = F3F48E392B14349A00BE7682 /* node_modules */; };
		F3F48E522B14349A00BE7682 /* README.md in Resources */ = {isa = PBXBuildFile; fileRef = F3F48E3A2B14349A00BE7682 /* README.md */; };
		F3F48E532B14349A00BE7682 /* package-lock.json in Resources */ = {isa = PBXBuildFile; fileRef = F3F48E3B2B14349A00BE7682 /* package-lock.json */; };
		F3F48E542B14349A00BE7682 /* package.json in Resources */ = {isa = PBXBuildFile; fileRef = F3F48E3C2B14349A00BE7682 /* package.json */; };
		F3F48E552B14349A00BE7682 /* scripts in Resources */ = {isa = PBXBuildFile; fileRef = F3F48E3D2B14349A00BE7682 /* scripts */; };
		F3F48E562B14349A00BE7682 /* welcome.html in Resources */ = {isa = PBXBuildFile; fileRef = F3F48E3E2B14349A00BE7682 /* welcome.html */; };
		F3F48E572B14349A00BE7682 /* manifest.json in Resources */ = {isa = PBXBuildFile; fileRef = F3F48E3F2B14349A00BE7682 /* manifest.json */; };
		F3F48E582B14349A00BE7682 /* assets in Resources */ = {isa = PBXBuildFile; fileRef = F3F48E402B14349A00BE7682 /* assets */; };
/* End PBXBuildFile section */

/* Begin PBXContainerItemProxy section */
		F3F48E072B14349A00BE7682 /* PBXContainerItemProxy */ = {
			isa = PBXContainerItemProxy;
			containerPortal = F3F48DD32B14349800BE7682 /* Project object */;
			proxyType = 1;
			remoteGlobalIDString = F3F48E042B14349A00BE7682;
			remoteInfo = "LeetHub v2 Extension (iOS)";
		};
		F3F48E112B14349A00BE7682 /* PBXContainerItemProxy */ = {
			isa = PBXContainerItemProxy;
			containerPortal = F3F48DD32B14349800BE7682 /* Project object */;
			proxyType = 1;
			remoteGlobalIDString = F3F48E0E2B14349A00BE7682;
			remoteInfo = "LeetHub v2 Extension (macOS)";
		};
/* End PBXContainerItemProxy section */

/* Begin PBXCopyFilesBuildPhase section */
		F3F48E292B14349A00BE7682 /* Embed Foundation Extensions */ = {
			isa = PBXCopyFilesBuildPhase;
			buildActionMask = 2147483647;
			dstPath = "";
			dstSubfolderSpec = 13;
			files = (
				F3F48E062B14349A00BE7682 /* LeetHub v2 Extension.appex in Embed Foundation Extensions */,
			);
			name = "Embed Foundation Extensions";
			runOnlyForDeploymentPostprocessing = 0;
		};
		F3F48E302B14349A00BE7682 /* Embed Foundation Extensions */ = {
			isa = PBXCopyFilesBuildPhase;
			buildActionMask = 2147483647;
			dstPath = "";
			dstSubfolderSpec = 13;
			files = (
				F3F48E102B14349A00BE7682 /* LeetHub v2 Extension.appex in Embed Foundation Extensions */,
			);
			name = "Embed Foundation Extensions";
			runOnlyForDeploymentPostprocessing = 0;
		};
/* End PBXCopyFilesBuildPhase section */

/* Begin PBXFileReference section */
		F3F48DDA2B14349800BE7682 /* Base */ = {isa = PBXFileReference; lastKnownFileType = text.html; name = Base; path = ../Base.lproj/Main.html; sourceTree = "<group>"; };
		F3F48DDB2B14349800BE7682 /* Icon.png */ = {isa = PBXFileReference; lastKnownFileType = image.png; path = Icon.png; sourceTree = "<group>"; };
		F3F48DDC2B14349800BE7682 /* Style.css */ = {isa = PBXFileReference; lastKnownFileType = text.css; path = Style.css; sourceTree = "<group>"; };
		F3F48DDD2B14349800BE7682 /* Script.js */ = {isa = PBXFileReference; lastKnownFileType = sourcecode.javascript; path = Script.js; sourceTree = "<group>"; };
		F3F48DDE2B14349800BE7682 /* ViewController.swift */ = {isa = PBXFileReference; lastKnownFileType = sourcecode.swift; path = ViewController.swift; sourceTree = "<group>"; };
		F3F48DDF2B14349A00BE7682 /* Assets.xcassets */ = {isa = PBXFileReference; lastKnownFileType = folder.assetcatalog; path = Assets.xcassets; sourceTree = "<group>"; };
		F3F48DE12B14349A00BE7682 /* SafariWebExtensionHandler.swift */ = {isa = PBXFileReference; lastKnownFileType = sourcecode.swift; path = SafariWebExtensionHandler.swift; sourceTree = "<group>"; };
		F3F48DE62B14349A00BE7682 /* LeetHub v2.app */ = {isa = PBXFileReference; explicitFileType = wrapper.application; includeInIndex = 0; path = "LeetHub v2.app"; sourceTree = BUILT_PRODUCTS_DIR; };
		F3F48DE92B14349A00BE7682 /* AppDelegate.swift */ = {isa = PBXFileReference; lastKnownFileType = sourcecode.swift; path = AppDelegate.swift; sourceTree = "<group>"; };
		F3F48DEB2B14349A00BE7682 /* SceneDelegate.swift */ = {isa = PBXFileReference; lastKnownFileType = sourcecode.swift; path = SceneDelegate.swift; sourceTree = "<group>"; };
		F3F48DEE2B14349A00BE7682 /* Base */ = {isa = PBXFileReference; lastKnownFileType = file.storyboard; name = Base; path = Base.lproj/LaunchScreen.storyboard; sourceTree = "<group>"; };
		F3F48DF12B14349A00BE7682 /* Base */ = {isa = PBXFileReference; lastKnownFileType = file.storyboard; name = Base; path = Base.lproj/Main.storyboard; sourceTree = "<group>"; };
		F3F48DF32B14349A00BE7682 /* Info.plist */ = {isa = PBXFileReference; lastKnownFileType = text.plist.xml; path = Info.plist; sourceTree = "<group>"; };
		F3F48DF82B14349A00BE7682 /* LeetHub v2.app */ = {isa = PBXFileReference; explicitFileType = wrapper.application; includeInIndex = 0; path = "LeetHub v2.app"; sourceTree = BUILT_PRODUCTS_DIR; };
		F3F48DFA2B14349A00BE7682 /* AppDelegate.swift */ = {isa = PBXFileReference; lastKnownFileType = sourcecode.swift; path = AppDelegate.swift; sourceTree = "<group>"; };
		F3F48DFD2B14349A00BE7682 /* Base */ = {isa = PBXFileReference; lastKnownFileType = file.storyboard; name = Base; path = Base.lproj/Main.storyboard; sourceTree = "<group>"; };
		F3F48DFF2B14349A00BE7682 /* Info.plist */ = {isa = PBXFileReference; lastKnownFileType = text.plist.xml; path = Info.plist; sourceTree = "<group>"; };
		F3F48E002B14349A00BE7682 /* LeetHub v2.entitlements */ = {isa = PBXFileReference; lastKnownFileType = text.plist.entitlements; path = "LeetHub v2.entitlements"; sourceTree = "<group>"; };
		F3F48E052B14349A00BE7682 /* LeetHub v2 Extension.appex */ = {isa = PBXFileReference; explicitFileType = "wrapper.app-extension"; includeInIndex = 0; path = "LeetHub v2 Extension.appex"; sourceTree = BUILT_PRODUCTS_DIR; };
		F3F48E0A2B14349A00BE7682 /* Info.plist */ = {isa = PBXFileReference; lastKnownFileType = text.plist.xml; path = Info.plist; sourceTree = "<group>"; };
		F3F48E0F2B14349A00BE7682 /* LeetHub v2 Extension.appex */ = {isa = PBXFileReference; explicitFileType = "wrapper.app-extension"; includeInIndex = 0; path = "LeetHub v2 Extension.appex"; sourceTree = BUILT_PRODUCTS_DIR; };
		F3F48E142B14349A00BE7682 /* Info.plist */ = {isa = PBXFileReference; lastKnownFileType = text.plist.xml; path = Info.plist; sourceTree = "<group>"; };
		F3F48E152B14349A00BE7682 /* LeetHub v2.entitlements */ = {isa = PBXFileReference; lastKnownFileType = text.plist.entitlements; path = "LeetHub v2.entitlements"; sourceTree = "<group>"; };
		F3F48E352B14349A00BE7682 /* popup.js */ = {isa = PBXFileReference; lastKnownFileType = sourcecode.javascript; name = popup.js; path = "../../LeetHub-2.0/popup.js"; sourceTree = "<group>"; };
		F3F48E362B14349A00BE7682 /* LICENSE */ = {isa = PBXFileReference; lastKnownFileType = text; name = LICENSE; path = "../../LeetHub-2.0/LICENSE"; sourceTree = "<group>"; };
		F3F48E372B14349A00BE7682 /* css */ = {isa = PBXFileReference; lastKnownFileType = folder; name = css; path = "../../LeetHub-2.0/css"; sourceTree = "<group>"; };
		F3F48E382B14349A00BE7682 /* popup.html */ = {isa = PBXFileReference; lastKnownFileType = text.html; name = popup.html; path = "../../LeetHub-2.0/popup.html"; sourceTree = "<group>"; };
		F3F48E392B14349A00BE7682 /* node_modules */ = {isa = PBXFileReference; lastKnownFileType = folder; name = node_modules; path = "../../LeetHub-2.0/node_modules"; sourceTree = "<group>"; };
		F3F48E3A2B14349A00BE7682 /* README.md */ = {isa = PBXFileReference; lastKnownFileType = net.daringfireball.markdown; name = README.md; path = "../../LeetHub-2.0/README.md"; sourceTree = "<group>"; };
		F3F48E3B2B14349A00BE7682 /* package-lock.json */ = {isa = PBXFileReference; lastKnownFileType = text.json; name = "package-lock.json"; path = "../../LeetHub-2.0/package-lock.json"; sourceTree = "<group>"; };
		F3F48E3C2B14349A00BE7682 /* package.json */ = {isa = PBXFileReference; lastKnownFileType = text.json; name = package.json; path = "../../LeetHub-2.0/package.json"; sourceTree = "<group>"; };
		F3F48E3D2B14349A00BE7682 /* scripts */ = {isa = PBXFileReference; lastKnownFileType = folder; name = scripts; path = "../../LeetHub-2.0/scripts"; sourceTree = "<group>"; };
		F3F48E3E2B14349A00BE7682 /* welcome.html */ = {isa = PBXFileReference; lastKnownFileType = text.html; name = welcome.html; path = "../../LeetHub-2.0/welcome.html"; sourceTree = "<group>"; };
		F3F48E3F2B14349A00BE7682 /* manifest.json */ = {isa = PBXFileReference; lastKnownFileType = text.json; name = manifest.json; path = "../../LeetHub-2.0/manifest.json"; sourceTree = "<group>"; };
		F3F48E402B14349A00BE7682 /* assets */ = {isa = PBXFileReference; lastKnownFileType = folder; name = assets; path = "../../LeetHub-2.0/assets"; sourceTree = "<group>"; };
/* End PBXFileReference section */

/* Begin PBXFrameworksBuildPhase section */
		F3F48DE32B14349A00BE7682 /* Frameworks */ = {
			isa = PBXFrameworksBuildPhase;
			buildActionMask = 2147483647;
			files = (
			);
			runOnlyForDeploymentPostprocessing = 0;
		};
		F3F48DF52B14349A00BE7682 /* Frameworks */ = {
			isa = PBXFrameworksBuildPhase;
			buildActionMask = 2147483647;
			files = (
			);
			runOnlyForDeploymentPostprocessing = 0;
		};
		F3F48E022B14349A00BE7682 /* Frameworks */ = {
			isa = PBXFrameworksBuildPhase;
			buildActionMask = 2147483647;
			files = (
			);
			runOnlyForDeploymentPostprocessing = 0;
		};
		F3F48E0C2B14349A00BE7682 /* Frameworks */ = {
			isa = PBXFrameworksBuildPhase;
			buildActionMask = 2147483647;
			files = (
			);
			runOnlyForDeploymentPostprocessing = 0;
		};
/* End PBXFrameworksBuildPhase section */

/* Begin PBXGroup section */
		F3F48DD22B14349800BE7682 = {
			isa = PBXGroup;
			children = (
				F3F48DD72B14349800BE7682 /* Shared (App) */,
				F3F48DE02B14349A00BE7682 /* Shared (Extension) */,
				F3F48DE82B14349A00BE7682 /* iOS (App) */,
				F3F48DF92B14349A00BE7682 /* macOS (App) */,
				F3F48E092B14349A00BE7682 /* iOS (Extension) */,
				F3F48E132B14349A00BE7682 /* macOS (Extension) */,
				F3F48DE72B14349A00BE7682 /* Products */,
			);
			sourceTree = "<group>";
		};
		F3F48DD72B14349800BE7682 /* Shared (App) */ = {
			isa = PBXGroup;
			children = (
				F3F48DDE2B14349800BE7682 /* ViewController.swift */,
				F3F48DDF2B14349A00BE7682 /* Assets.xcassets */,
				F3F48DD82B14349800BE7682 /* Resources */,
			);
			path = "Shared (App)";
			sourceTree = "<group>";
		};
		F3F48DD82B14349800BE7682 /* Resources */ = {
			isa = PBXGroup;
			children = (
				F3F48DD92B14349800BE7682 /* Main.html */,
				F3F48DDB2B14349800BE7682 /* Icon.png */,
				F3F48DDC2B14349800BE7682 /* Style.css */,
				F3F48DDD2B14349800BE7682 /* Script.js */,
			);
			path = Resources;
			sourceTree = "<group>";
		};
		F3F48DE02B14349A00BE7682 /* Shared (Extension) */ = {
			isa = PBXGroup;
			children = (
				F3F48E342B14349A00BE7682 /* Resources */,
				F3F48DE12B14349A00BE7682 /* SafariWebExtensionHandler.swift */,
			);
			path = "Shared (Extension)";
			sourceTree = "<group>";
		};
		F3F48DE72B14349A00BE7682 /* Products */ = {
			isa = PBXGroup;
			children = (
				F3F48DE62B14349A00BE7682 /* LeetHub v2.app */,
				F3F48DF82B14349A00BE7682 /* LeetHub v2.app */,
				F3F48E052B14349A00BE7682 /* LeetHub v2 Extension.appex */,
				F3F48E0F2B14349A00BE7682 /* LeetHub v2 Extension.appex */,
			);
			name = Products;
			sourceTree = "<group>";
		};
		F3F48DE82B14349A00BE7682 /* iOS (App) */ = {
			isa = PBXGroup;
			children = (
				F3F48DE92B14349A00BE7682 /* AppDelegate.swift */,
				F3F48DEB2B14349A00BE7682 /* SceneDelegate.swift */,
				F3F48DED2B14349A00BE7682 /* LaunchScreen.storyboard */,
				F3F48DF02B14349A00BE7682 /* Main.storyboard */,
				F3F48DF32B14349A00BE7682 /* Info.plist */,
			);
			path = "iOS (App)";
			sourceTree = "<group>";
		};
		F3F48DF92B14349A00BE7682 /* macOS (App) */ = {
			isa = PBXGroup;
			children = (
				F3F48DFA2B14349A00BE7682 /* AppDelegate.swift */,
				F3F48DFC2B14349A00BE7682 /* Main.storyboard */,
				F3F48DFF2B14349A00BE7682 /* Info.plist */,
				F3F48E002B14349A00BE7682 /* LeetHub v2.entitlements */,
			);
			path = "macOS (App)";
			sourceTree = "<group>";
		};
		F3F48E092B14349A00BE7682 /* iOS (Extension) */ = {
			isa = PBXGroup;
			children = (
				F3F48E0A2B14349A00BE7682 /* Info.plist */,
			);
			path = "iOS (Extension)";
			sourceTree = "<group>";
		};
		F3F48E132B14349A00BE7682 /* macOS (Extension) */ = {
			isa = PBXGroup;
			children = (
				F3F48E142B14349A00BE7682 /* Info.plist */,
				F3F48E152B14349A00BE7682 /* LeetHub v2.entitlements */,
			);
			path = "macOS (Extension)";
			sourceTree = "<group>";
		};
		F3F48E342B14349A00BE7682 /* Resources */ = {
			isa = PBXGroup;
			children = (
				F3F48E352B14349A00BE7682 /* popup.js */,
				F3F48E362B14349A00BE7682 /* LICENSE */,
				F3F48E372B14349A00BE7682 /* css */,
				F3F48E382B14349A00BE7682 /* popup.html */,
				F3F48E392B14349A00BE7682 /* node_modules */,
				F3F48E3A2B14349A00BE7682 /* README.md */,
				F3F48E3B2B14349A00BE7682 /* package-lock.json */,
				F3F48E3C2B14349A00BE7682 /* package.json */,
				F3F48E3D2B14349A00BE7682 /* scripts */,
				F3F48E3E2B14349A00BE7682 /* welcome.html */,
				F3F48E3F2B14349A00BE7682 /* manifest.json */,
				F3F48E402B14349A00BE7682 /* assets */,
			);
			name = Resources;
			path = "Shared (Extension)";
			sourceTree = SOURCE_ROOT;
		};
/* End PBXGroup section */

/* Begin PBXNativeTarget section */
		F3F48DE52B14349A00BE7682 /* LeetHub v2 (iOS) */ = {
			isa = PBXNativeTarget;
			buildConfigurationList = F3F48E2A2B14349A00BE7682 /* Build configuration list for PBXNativeTarget "LeetHub v2 (iOS)" */;
			buildPhases = (
				F3F48DE22B14349A00BE7682 /* Sources */,
				F3F48DE32B14349A00BE7682 /* Frameworks */,
				F3F48DE42B14349A00BE7682 /* Resources */,
				F3F48E292B14349A00BE7682 /* Embed Foundation Extensions */,
			);
			buildRules = (
			);
			dependencies = (
				F3F48E082B14349A00BE7682 /* PBXTargetDependency */,
			);
			name = "LeetHub v2 (iOS)";
			productName = "LeetHub v2 (iOS)";
			productReference = F3F48DE62B14349A00BE7682 /* LeetHub v2.app */;
			productType = "com.apple.product-type.application";
		};
		F3F48DF72B14349A00BE7682 /* LeetHub v2 (macOS) */ = {
			isa = PBXNativeTarget;
			buildConfigurationList = F3F48E312B14349A00BE7682 /* Build configuration list for PBXNativeTarget "LeetHub v2 (macOS)" */;
			buildPhases = (
				F3F48DF42B14349A00BE7682 /* Sources */,
				F3F48DF52B14349A00BE7682 /* Frameworks */,
				F3F48DF62B14349A00BE7682 /* Resources */,
				F3F48E302B14349A00BE7682 /* Embed Foundation Extensions */,
			);
			buildRules = (
			);
			dependencies = (
				F3F48E122B14349A00BE7682 /* PBXTargetDependency */,
			);
			name = "LeetHub v2 (macOS)";
			productName = "LeetHub v2 (macOS)";
			productReference = F3F48DF82B14349A00BE7682 /* LeetHub v2.app */;
			productType = "com.apple.product-type.application";
		};
		F3F48E042B14349A00BE7682 /* LeetHub v2 Extension (iOS) */ = {
			isa = PBXNativeTarget;
			buildConfigurationList = F3F48E262B14349A00BE7682 /* Build configuration list for PBXNativeTarget "LeetHub v2 Extension (iOS)" */;
			buildPhases = (
				F3F48E012B14349A00BE7682 /* Sources */,
				F3F48E022B14349A00BE7682 /* Frameworks */,
				F3F48E032B14349A00BE7682 /* Resources */,
			);
			buildRules = (
			);
			dependencies = (
			);
			name = "LeetHub v2 Extension (iOS)";
			productName = "LeetHub v2 Extension (iOS)";
			productReference = F3F48E052B14349A00BE7682 /* LeetHub v2 Extension.appex */;
			productType = "com.apple.product-type.app-extension";
		};
		F3F48E0E2B14349A00BE7682 /* LeetHub v2 Extension (macOS) */ = {
			isa = PBXNativeTarget;
			buildConfigurationList = F3F48E2D2B14349A00BE7682 /* Build configuration list for PBXNativeTarget "LeetHub v2 Extension (macOS)" */;
			buildPhases = (
				F3F48E0B2B14349A00BE7682 /* Sources */,
				F3F48E0C2B14349A00BE7682 /* Frameworks */,
				F3F48E0D2B14349A00BE7682 /* Resources */,
			);
			buildRules = (
			);
			dependencies = (
			);
			name = "LeetHub v2 Extension (macOS)";
			productName = "LeetHub v2 Extension (macOS)";
			productReference = F3F48E0F2B14349A00BE7682 /* LeetHub v2 Extension.appex */;
			productType = "com.apple.product-type.app-extension";
		};
/* End PBXNativeTarget section */

/* Begin PBXProject section */
		F3F48DD32B14349800BE7682 /* Project object */ = {
			isa = PBXProject;
			attributes = {
				BuildIndependentTargetsInParallel = 1;
				LastSwiftUpdateCheck = 1500;
				LastUpgradeCheck = 1500;
				TargetAttributes = {
					F3F48DE52B14349A00BE7682 = {
						CreatedOnToolsVersion = 15.0.1;
					};
					F3F48DF72B14349A00BE7682 = {
						CreatedOnToolsVersion = 15.0.1;
					};
					F3F48E042B14349A00BE7682 = {
						CreatedOnToolsVersion = 15.0.1;
					};
					F3F48E0E2B14349A00BE7682 = {
						CreatedOnToolsVersion = 15.0.1;
					};
				};
			};
			buildConfigurationList = F3F48DD62B14349800BE7682 /* Build configuration list for PBXProject "LeetHub v2" */;
			compatibilityVersion = "Xcode 14.0";
			developmentRegion = en;
			hasScannedForEncodings = 0;
			knownRegions = (
				en,
				Base,
			);
			mainGroup = F3F48DD22B14349800BE7682;
			productRefGroup = F3F48DE72B14349A00BE7682 /* Products */;
			projectDirPath = "";
			projectRoot = "";
			targets = (
				F3F48DE52B14349A00BE7682 /* LeetHub v2 (iOS) */,
				F3F48DF72B14349A00BE7682 /* LeetHub v2 (macOS) */,
				F3F48E042B14349A00BE7682 /* LeetHub v2 Extension (iOS) */,
				F3F48E0E2B14349A00BE7682 /* LeetHub v2 Extension (macOS) */,
			);
		};
/* End PBXProject section */

/* Begin PBXResourcesBuildPhase section */
		F3F48DE42B14349A00BE7682 /* Resources */ = {
			isa = PBXResourcesBuildPhase;
			buildActionMask = 2147483647;
			files = (
				F3F48E182B14349A00BE7682 /* Icon.png in Resources */,
				F3F48DEF2B14349A00BE7682 /* LaunchScreen.storyboard in Resources */,
				F3F48E162B14349A00BE7682 /* Main.html in Resources */,
				F3F48E1C2B14349A00BE7682 /* Script.js in Resources */,
				F3F48E202B14349A00BE7682 /* Assets.xcassets in Resources */,
				F3F48DF22B14349A00BE7682 /* Main.storyboard in Resources */,
				F3F48E1A2B14349A00BE7682 /* Style.css in Resources */,
			);
			runOnlyForDeploymentPostprocessing = 0;
		};
		F3F48DF62B14349A00BE7682 /* Resources */ = {
			isa = PBXResourcesBuildPhase;
			buildActionMask = 2147483647;
			files = (
				F3F48E192B14349A00BE7682 /* Icon.png in Resources */,
				F3F48E1B2B14349A00BE7682 /* Style.css in Resources */,
				F3F48DFE2B14349A00BE7682 /* Main.storyboard in Resources */,
				F3F48E1D2B14349A00BE7682 /* Script.js in Resources */,
				F3F48E212B14349A00BE7682 /* Assets.xcassets in Resources */,
				F3F48E172B14349A00BE7682 /* Main.html in Resources */,
			);
			runOnlyForDeploymentPostprocessing = 0;
		};
		F3F48E032B14349A00BE7682 /* Resources */ = {
			isa = PBXResourcesBuildPhase;
			buildActionMask = 2147483647;
			files = (
				F3F48E542B14349A00BE7682 /* package.json in Resources */,
				F3F48E532B14349A00BE7682 /* package-lock.json in Resources */,
				F3F48E522B14349A00BE7682 /* README.md in Resources */,
				F3F48E562B14349A00BE7682 /* welcome.html in Resources */,
				F3F48E552B14349A00BE7682 /* scripts in Resources */,
				F3F48E572B14349A00BE7682 /* manifest.json in Resources */,
				F3F48E4F2B14349A00BE7682 /* css in Resources */,
				F3F48E502B14349A00BE7682 /* popup.html in Resources */,
				F3F48E4E2B14349A00BE7682 /* LICENSE in Resources */,
				F3F48E582B14349A00BE7682 /* assets in Resources */,
				F3F48E512B14349A00BE7682 /* node_modules in Resources */,
				F3F48E4D2B14349A00BE7682 /* popup.js in Resources */,
			);
			runOnlyForDeploymentPostprocessing = 0;
		};
		F3F48E0D2B14349A00BE7682 /* Resources */ = {
			isa = PBXResourcesBuildPhase;
			buildActionMask = 2147483647;
			files = (
				F3F48E482B14349A00BE7682 /* package.json in Resources */,
				F3F48E472B14349A00BE7682 /* package-lock.json in Resources */,
				F3F48E462B14349A00BE7682 /* README.md in Resources */,
				F3F48E4A2B14349A00BE7682 /* welcome.html in Resources */,
				F3F48E492B14349A00BE7682 /* scripts in Resources */,
				F3F48E4B2B14349A00BE7682 /* manifest.json in Resources */,
				F3F48E432B14349A00BE7682 /* css in Resources */,
				F3F48E442B14349A00BE7682 /* popup.html in Resources */,
				F3F48E422B14349A00BE7682 /* LICENSE in Resources */,
				F3F48E4C2B14349A00BE7682 /* assets in Resources */,
				F3F48E452B14349A00BE7682 /* node_modules in Resources */,
				F3F48E412B14349A00BE7682 /* popup.js in Resources */,
			);
			runOnlyForDeploymentPostprocessing = 0;
		};
/* End PBXResourcesBuildPhase section */

/* Begin PBXSourcesBuildPhase section */
		F3F48DE22B14349A00BE7682 /* Sources */ = {
			isa = PBXSourcesBuildPhase;
			buildActionMask = 2147483647;
			files = (
				F3F48E1E2B14349A00BE7682 /* ViewController.swift in Sources */,
				F3F48DEA2B14349A00BE7682 /* AppDelegate.swift in Sources */,
				F3F48DEC2B14349A00BE7682 /* SceneDelegate.swift in Sources */,
			);
			runOnlyForDeploymentPostprocessing = 0;
		};
		F3F48DF42B14349A00BE7682 /* Sources */ = {
			isa = PBXSourcesBuildPhase;
			buildActionMask = 2147483647;
			files = (
				F3F48E1F2B14349A00BE7682 /* ViewController.swift in Sources */,
				F3F48DFB2B14349A00BE7682 /* AppDelegate.swift in Sources */,
			);
			runOnlyForDeploymentPostprocessing = 0;
		};
		F3F48E012B14349A00BE7682 /* Sources */ = {
			isa = PBXSourcesBuildPhase;
			buildActionMask = 2147483647;
			files = (
				F3F48E222B14349A00BE7682 /* SafariWebExtensionHandler.swift in Sources */,
			);
			runOnlyForDeploymentPostprocessing = 0;
		};
		F3F48E0B2B14349A00BE7682 /* Sources */ = {
			isa = PBXSourcesBuildPhase;
			buildActionMask = 2147483647;
			files = (
				F3F48E232B14349A00BE7682 /* SafariWebExtensionHandler.swift in Sources */,
			);
			runOnlyForDeploymentPostprocessing = 0;
		};
/* End PBXSourcesBuildPhase section */

/* Begin PBXTargetDependency section */
		F3F48E082B14349A00BE7682 /* PBXTargetDependency */ = {
			isa = PBXTargetDependency;
			target = F3F48E042B14349A00BE7682 /* LeetHub v2 Extension (iOS) */;
			targetProxy = F3F48E072B14349A00BE7682 /* PBXContainerItemProxy */;
		};
		F3F48E122B14349A00BE7682 /* PBXTargetDependency */ = {
			isa = PBXTargetDependency;
			target = F3F48E0E2B14349A00BE7682 /* LeetHub v2 Extension (macOS) */;
			targetProxy = F3F48E112B14349A00BE7682 /* PBXContainerItemProxy */;
		};
/* End PBXTargetDependency section */

/* Begin PBXVariantGroup section */
		F3F48DD92B14349800BE7682 /* Main.html */ = {
			isa = PBXVariantGroup;
			children = (
				F3F48DDA2B14349800BE7682 /* Base */,
			);
			name = Main.html;
			sourceTree = "<group>";
		};
		F3F48DED2B14349A00BE7682 /* LaunchScreen.storyboard */ = {
			isa = PBXVariantGroup;
			children = (
				F3F48DEE2B14349A00BE7682 /* Base */,
			);
			name = LaunchScreen.storyboard;
			sourceTree = "<group>";
		};
		F3F48DF02B14349A00BE7682 /* Main.storyboard */ = {
			isa = PBXVariantGroup;
			children = (
				F3F48DF12B14349A00BE7682 /* Base */,
			);
			name = Main.storyboard;
			sourceTree = "<group>";
		};
		F3F48DFC2B14349A00BE7682 /* Main.storyboard */ = {
			isa = PBXVariantGroup;
			children = (
				F3F48DFD2B14349A00BE7682 /* Base */,
			);
			name = Main.storyboard;
			sourceTree = "<group>";
		};
/* End PBXVariantGroup section */

/* Begin XCBuildConfiguration section */
		F3F48E242B14349A00BE7682 /* Debug */ = {
			isa = XCBuildConfiguration;
			buildSettings = {
				ALWAYS_SEARCH_USER_PATHS = NO;
				ASSETCATALOG_COMPILER_GENERATE_SWIFT_ASSET_SYMBOL_EXTENSIONS = YES;
				CLANG_ANALYZER_NONNULL = YES;
				CLANG_ANALYZER_NUMBER_OBJECT_CONVERSION = YES_AGGRESSIVE;
				CLANG_CXX_LANGUAGE_STANDARD = "gnu++20";
				CLANG_ENABLE_MODULES = YES;
				CLANG_ENABLE_OBJC_ARC = YES;
				CLANG_ENABLE_OBJC_WEAK = YES;
				CLANG_WARN_BLOCK_CAPTURE_AUTORELEASING = YES;
				CLANG_WARN_BOOL_CONVERSION = YES;
				CLANG_WARN_COMMA = YES;
				CLANG_WARN_CONSTANT_CONVERSION = YES;
				CLANG_WARN_DEPRECATED_OBJC_IMPLEMENTATIONS = YES;
				CLANG_WARN_DIRECT_OBJC_ISA_USAGE = YES_ERROR;
				CLANG_WARN_DOCUMENTATION_COMMENTS = YES;
				CLANG_WARN_EMPTY_BODY = YES;
				CLANG_WARN_ENUM_CONVERSION = YES;
				CLANG_WARN_INFINITE_RECURSION = YES;
				CLANG_WARN_INT_CONVERSION = YES;
				CLANG_WARN_NON_LITERAL_NULL_CONVERSION = YES;
				CLANG_WARN_OBJC_IMPLICIT_RETAIN_SELF = YES;
				CLANG_WARN_OBJC_LITERAL_CONVERSION = YES;
				CLANG_WARN_OBJC_ROOT_CLASS = YES_ERROR;
				CLANG_WARN_QUOTED_INCLUDE_IN_FRAMEWORK_HEADER = YES;
				CLANG_WARN_RANGE_LOOP_ANALYSIS = YES;
				CLANG_WARN_STRICT_PROTOTYPES = YES;
				CLANG_WARN_SUSPICIOUS_MOVE = YES;
				CLANG_WARN_UNGUARDED_AVAILABILITY = YES_AGGRESSIVE;
				CLANG_WARN_UNREACHABLE_CODE = YES;
				CLANG_WARN__DUPLICATE_METHOD_MATCH = YES;
				COPY_PHASE_STRIP = NO;
				DEBUG_INFORMATION_FORMAT = dwarf;
				ENABLE_STRICT_OBJC_MSGSEND = YES;
				ENABLE_TESTABILITY = YES;
				ENABLE_USER_SCRIPT_SANDBOXING = YES;
				GCC_C_LANGUAGE_STANDARD = gnu17;
				GCC_DYNAMIC_NO_PIC = NO;
				GCC_NO_COMMON_BLOCKS = YES;
				GCC_OPTIMIZATION_LEVEL = 0;
				GCC_PREPROCESSOR_DEFINITIONS = (
					"DEBUG=1",
					"$(inherited)",
				);
				GCC_WARN_64_TO_32_BIT_CONVERSION = YES;
				GCC_WARN_ABOUT_RETURN_TYPE = YES_ERROR;
				GCC_WARN_UNDECLARED_SELECTOR = YES;
				GCC_WARN_UNINITIALIZED_AUTOS = YES_AGGRESSIVE;
				GCC_WARN_UNUSED_FUNCTION = YES;
				GCC_WARN_UNUSED_VARIABLE = YES;
				LOCALIZATION_PREFERS_STRING_CATALOGS = YES;
				MTL_ENABLE_DEBUG_INFO = INCLUDE_SOURCE;
				MTL_FAST_MATH = YES;
				ONLY_ACTIVE_ARCH = YES;
				SWIFT_ACTIVE_COMPILATION_CONDITIONS = "DEBUG $(inherited)";
				SWIFT_OPTIMIZATION_LEVEL = "-Onone";
			};
			name = Debug;
		};
		F3F48E252B14349A00BE7682 /* Release */ = {
			isa = XCBuildConfiguration;
			buildSettings = {
				ALWAYS_SEARCH_USER_PATHS = NO;
				ASSETCATALOG_COMPILER_GENERATE_SWIFT_ASSET_SYMBOL_EXTENSIONS = YES;
				CLANG_ANALYZER_NONNULL = YES;
				CLANG_ANALYZER_NUMBER_OBJECT_CONVERSION = YES_AGGRESSIVE;
				CLANG_CXX_LANGUAGE_STANDARD = "gnu++20";
				CLANG_ENABLE_MODULES = YES;
				CLANG_ENABLE_OBJC_ARC = YES;
				CLANG_ENABLE_OBJC_WEAK = YES;
				CLANG_WARN_BLOCK_CAPTURE_AUTORELEASING = YES;
				CLANG_WARN_BOOL_CONVERSION = YES;
				CLANG_WARN_COMMA = YES;
				CLANG_WARN_CONSTANT_CONVERSION = YES;
				CLANG_WARN_DEPRECATED_OBJC_IMPLEMENTATIONS = YES;
				CLANG_WARN_DIRECT_OBJC_ISA_USAGE = YES_ERROR;
				CLANG_WARN_DOCUMENTATION_COMMENTS = YES;
				CLANG_WARN_EMPTY_BODY = YES;
				CLANG_WARN_ENUM_CONVERSION = YES;
				CLANG_WARN_INFINITE_RECURSION = YES;
				CLANG_WARN_INT_CONVERSION = YES;
				CLANG_WARN_NON_LITERAL_NULL_CONVERSION = YES;
				CLANG_WARN_OBJC_IMPLICIT_RETAIN_SELF = YES;
				CLANG_WARN_OBJC_LITERAL_CONVERSION = YES;
				CLANG_WARN_OBJC_ROOT_CLASS = YES_ERROR;
				CLANG_WARN_QUOTED_INCLUDE_IN_FRAMEWORK_HEADER = YES;
				CLANG_WARN_RANGE_LOOP_ANALYSIS = YES;
				CLANG_WARN_STRICT_PROTOTYPES = YES;
				CLANG_WARN_SUSPICIOUS_MOVE = YES;
				CLANG_WARN_UNGUARDED_AVAILABILITY = YES_AGGRESSIVE;
				CLANG_WARN_UNREACHABLE_CODE = YES;
				CLANG_WARN__DUPLICATE_METHOD_MATCH = YES;
				COPY_PHASE_STRIP = NO;
				DEBUG_INFORMATION_FORMAT = "dwarf-with-dsym";
				ENABLE_NS_ASSERTIONS = NO;
				ENABLE_STRICT_OBJC_MSGSEND = YES;
				ENABLE_USER_SCRIPT_SANDBOXING = YES;
				GCC_C_LANGUAGE_STANDARD = gnu17;
				GCC_NO_COMMON_BLOCKS = YES;
				GCC_WARN_64_TO_32_BIT_CONVERSION = YES;
				GCC_WARN_ABOUT_RETURN_TYPE = YES_ERROR;
				GCC_WARN_UNDECLARED_SELECTOR = YES;
				GCC_WARN_UNINITIALIZED_AUTOS = YES_AGGRESSIVE;
				GCC_WARN_UNUSED_FUNCTION = YES;
				GCC_WARN_UNUSED_VARIABLE = YES;
				LOCALIZATION_PREFERS_STRING_CATALOGS = YES;
				MTL_ENABLE_DEBUG_INFO = NO;
				MTL_FAST_MATH = YES;
				SWIFT_COMPILATION_MODE = wholemodule;
			};
			name = Release;
		};
		F3F48E272B14349A00BE7682 /* Debug */ = {
			isa = XCBuildConfiguration;
			buildSettings = {
				CODE_SIGN_STYLE = Automatic;
				CURRENT_PROJECT_VERSION = 1;
				GENERATE_INFOPLIST_FILE = YES;
				INFOPLIST_FILE = "iOS (Extension)/Info.plist";
				INFOPLIST_KEY_CFBundleDisplayName = "LeetHub v2 Extension";
				INFOPLIST_KEY_NSHumanReadableCopyright = "";
				IPHONEOS_DEPLOYMENT_TARGET = 15.0;
				LD_RUNPATH_SEARCH_PATHS = (
					"$(inherited)",
					"@executable_path/Frameworks",
					"@executable_path/../../Frameworks",
				);
				MARKETING_VERSION = 1.0;
				OTHER_LDFLAGS = (
					"-framework",
					SafariServices,
				);
				PRODUCT_BUNDLE_IDENTIFIER = "com.github.LeetHub-v2.Extension";
				PRODUCT_NAME = "LeetHub v2 Extension";
				SDKROOT = iphoneos;
				SKIP_INSTALL = YES;
				SWIFT_EMIT_LOC_STRINGS = YES;
				SWIFT_VERSION = 5.0;
				TARGETED_DEVICE_FAMILY = "1,2";
			};
			name = Debug;
		};
		F3F48E282B14349A00BE7682 /* Release */ = {
			isa = XCBuildConfiguration;
			buildSettings = {
				CODE_SIGN_STYLE = Automatic;
				CURRENT_PROJECT_VERSION = 1;
				GENERATE_INFOPLIST_FILE = YES;
				INFOPLIST_FILE = "iOS (Extension)/Info.plist";
				INFOPLIST_KEY_CFBundleDisplayName = "LeetHub v2 Extension";
				INFOPLIST_KEY_NSHumanReadableCopyright = "";
				IPHONEOS_DEPLOYMENT_TARGET = 15.0;
				LD_RUNPATH_SEARCH_PATHS = (
					"$(inherited)",
					"@executable_path/Frameworks",
					"@executable_path/../../Frameworks",
				);
				MARKETING_VERSION = 1.0;
				OTHER_LDFLAGS = (
					"-framework",
					SafariServices,
				);
				PRODUCT_BUNDLE_IDENTIFIER = "com.github.LeetHub-v2.Extension";
				PRODUCT_NAME = "LeetHub v2 Extension";
				SDKROOT = iphoneos;
				SKIP_INSTALL = YES;
				SWIFT_EMIT_LOC_STRINGS = YES;
				SWIFT_VERSION = 5.0;
				TARGETED_DEVICE_FAMILY = "1,2";
				VALIDATE_PRODUCT = YES;
			};
			name = Release;
		};
		F3F48E2B2B14349A00BE7682 /* Debug */ = {
			isa = XCBuildConfiguration;
			buildSettings = {
				ALWAYS_EMBED_SWIFT_STANDARD_LIBRARIES = YES;
				ASSETCATALOG_COMPILER_APPICON_NAME = AppIcon;
				ASSETCATALOG_COMPILER_GLOBAL_ACCENT_COLOR_NAME = AccentColor;
				CODE_SIGN_STYLE = Automatic;
				CURRENT_PROJECT_VERSION = 1;
				GENERATE_INFOPLIST_FILE = YES;
				INFOPLIST_FILE = "iOS (App)/Info.plist";
				INFOPLIST_KEY_CFBundleDisplayName = "LeetHub v2";
				INFOPLIST_KEY_UIApplicationSupportsIndirectInputEvents = YES;
				INFOPLIST_KEY_UILaunchStoryboardName = LaunchScreen;
				INFOPLIST_KEY_UIMainStoryboardFile = Main;
				INFOPLIST_KEY_UISupportedInterfaceOrientations = "UIInterfaceOrientationPortrait UIInterfaceOrientationLandscapeLeft UIInterfaceOrientationLandscapeRight";
				INFOPLIST_KEY_UISupportedInterfaceOrientations_iPad = "UIInterfaceOrientationPortrait UIInterfaceOrientationPortraitUpsideDown UIInterfaceOrientationLandscapeLeft UIInterfaceOrientationLandscapeRight";
				IPHONEOS_DEPLOYMENT_TARGET = 15.0;
				LD_RUNPATH_SEARCH_PATHS = (
					"$(inherited)",
					"@executable_path/Frameworks",
				);
				MARKETING_VERSION = 1.0;
				OTHER_LDFLAGS = (
					"-framework",
					SafariServices,
					"-framework",
					WebKit,
				);
				PRODUCT_BUNDLE_IDENTIFIER = "com.github.LeetHub-v2";
				PRODUCT_NAME = "LeetHub v2";
				SDKROOT = iphoneos;
				SWIFT_EMIT_LOC_STRINGS = YES;
				SWIFT_VERSION = 5.0;
				TARGETED_DEVICE_FAMILY = "1,2";
			};
			name = Debug;
		};
		F3F48E2C2B14349A00BE7682 /* Release */ = {
			isa = XCBuildConfiguration;
			buildSettings = {
				ALWAYS_EMBED_SWIFT_STANDARD_LIBRARIES = YES;
				ASSETCATALOG_COMPILER_APPICON_NAME = AppIcon;
				ASSETCATALOG_COMPILER_GLOBAL_ACCENT_COLOR_NAME = AccentColor;
				CODE_SIGN_STYLE = Automatic;
				CURRENT_PROJECT_VERSION = 1;
				GENERATE_INFOPLIST_FILE = YES;
				INFOPLIST_FILE = "iOS (App)/Info.plist";
				INFOPLIST_KEY_CFBundleDisplayName = "LeetHub v2";
				INFOPLIST_KEY_UIApplicationSupportsIndirectInputEvents = YES;
				INFOPLIST_KEY_UILaunchStoryboardName = LaunchScreen;
				INFOPLIST_KEY_UIMainStoryboardFile = Main;
				INFOPLIST_KEY_UISupportedInterfaceOrientations = "UIInterfaceOrientationPortrait UIInterfaceOrientationLandscapeLeft UIInterfaceOrientationLandscapeRight";
				INFOPLIST_KEY_UISupportedInterfaceOrientations_iPad = "UIInterfaceOrientationPortrait UIInterfaceOrientationPortraitUpsideDown UIInterfaceOrientationLandscapeLeft UIInterfaceOrientationLandscapeRight";
				IPHONEOS_DEPLOYMENT_TARGET = 15.0;
				LD_RUNPATH_SEARCH_PATHS = (
					"$(inherited)",
					"@executable_path/Frameworks",
				);
				MARKETING_VERSION = 1.0;
				OTHER_LDFLAGS = (
					"-framework",
					SafariServices,
					"-framework",
					WebKit,
				);
				PRODUCT_BUNDLE_IDENTIFIER = "com.github.LeetHub-v2";
				PRODUCT_NAME = "LeetHub v2";
				SDKROOT = iphoneos;
				SWIFT_EMIT_LOC_STRINGS = YES;
				SWIFT_VERSION = 5.0;
				TARGETED_DEVICE_FAMILY = "1,2";
				VALIDATE_PRODUCT = YES;
			};
			name = Release;
		};
		F3F48E2E2B14349A00BE7682 /* Debug */ = {
			isa = XCBuildConfiguration;
			buildSettings = {
				CODE_SIGN_ENTITLEMENTS = "macOS (Extension)/LeetHub v2.entitlements";
				CODE_SIGN_STYLE = Automatic;
				CURRENT_PROJECT_VERSION = 1;
				ENABLE_HARDENED_RUNTIME = YES;
				GENERATE_INFOPLIST_FILE = YES;
				INFOPLIST_FILE = "macOS (Extension)/Info.plist";
				INFOPLIST_KEY_CFBundleDisplayName = "LeetHub v2 Extension";
				INFOPLIST_KEY_NSHumanReadableCopyright = "";
				LD_RUNPATH_SEARCH_PATHS = (
					"$(inherited)",
					"@executable_path/../Frameworks",
					"@executable_path/../../../../Frameworks",
				);
				MACOSX_DEPLOYMENT_TARGET = 10.14;
				MARKETING_VERSION = 1.0;
				OTHER_LDFLAGS = (
					"-framework",
					SafariServices,
				);
				PRODUCT_BUNDLE_IDENTIFIER = "com.github.LeetHub-v2.Extension";
				PRODUCT_NAME = "LeetHub v2 Extension";
				SDKROOT = macosx;
				SKIP_INSTALL = YES;
				SWIFT_EMIT_LOC_STRINGS = YES;
				SWIFT_VERSION = 5.0;
			};
			name = Debug;
		};
		F3F48E2F2B14349A00BE7682 /* Release */ = {
			isa = XCBuildConfiguration;
			buildSettings = {
				CODE_SIGN_ENTITLEMENTS = "macOS (Extension)/LeetHub v2.entitlements";
				CODE_SIGN_STYLE = Automatic;
				CURRENT_PROJECT_VERSION = 1;
				ENABLE_HARDENED_RUNTIME = YES;
				GENERATE_INFOPLIST_FILE = YES;
				INFOPLIST_FILE = "macOS (Extension)/Info.plist";
				INFOPLIST_KEY_CFBundleDisplayName = "LeetHub v2 Extension";
				INFOPLIST_KEY_NSHumanReadableCopyright = "";
				LD_RUNPATH_SEARCH_PATHS = (
					"$(inherited)",
					"@executable_path/../Frameworks",
					"@executable_path/../../../../Frameworks",
				);
				MACOSX_DEPLOYMENT_TARGET = 10.14;
				MARKETING_VERSION = 1.0;
				OTHER_LDFLAGS = (
					"-framework",
					SafariServices,
				);
				PRODUCT_BUNDLE_IDENTIFIER = "com.github.LeetHub-v2.Extension";
				PRODUCT_NAME = "LeetHub v2 Extension";
				SDKROOT = macosx;
				SKIP_INSTALL = YES;
				SWIFT_EMIT_LOC_STRINGS = YES;
				SWIFT_VERSION = 5.0;
			};
			name = Release;
		};
		F3F48E322B14349A00BE7682 /* Debug */ = {
			isa = XCBuildConfiguration;
			buildSettings = {
				ALWAYS_EMBED_SWIFT_STANDARD_LIBRARIES = YES;
				ASSETCATALOG_COMPILER_APPICON_NAME = AppIcon;
				ASSETCATALOG_COMPILER_GLOBAL_ACCENT_COLOR_NAME = AccentColor;
				CODE_SIGN_ENTITLEMENTS = "macOS (App)/LeetHub v2.entitlements";
				CODE_SIGN_STYLE = Automatic;
				CURRENT_PROJECT_VERSION = 1;
				ENABLE_HARDENED_RUNTIME = YES;
				GENERATE_INFOPLIST_FILE = YES;
				INFOPLIST_FILE = "macOS (App)/Info.plist";
				INFOPLIST_KEY_CFBundleDisplayName = "LeetHub v2";
				INFOPLIST_KEY_NSMainStoryboardFile = Main;
				INFOPLIST_KEY_NSPrincipalClass = NSApplication;
				LD_RUNPATH_SEARCH_PATHS = (
					"$(inherited)",
					"@executable_path/../Frameworks",
				);
				MACOSX_DEPLOYMENT_TARGET = 10.14;
				MARKETING_VERSION = 1.0;
				OTHER_LDFLAGS = (
					"-framework",
					SafariServices,
					"-framework",
					WebKit,
				);
				PRODUCT_BUNDLE_IDENTIFIER = "com.github.LeetHub-v2";
				PRODUCT_NAME = "LeetHub v2";
				SDKROOT = macosx;
				SWIFT_EMIT_LOC_STRINGS = YES;
				SWIFT_VERSION = 5.0;
			};
			name = Debug;
		};
		F3F48E332B14349A00BE7682 /* Release */ = {
			isa = XCBuildConfiguration;
			buildSettings = {
				ALWAYS_EMBED_SWIFT_STANDARD_LIBRARIES = YES;
				ASSETCATALOG_COMPILER_APPICON_NAME = AppIcon;
				ASSETCATALOG_COMPILER_GLOBAL_ACCENT_COLOR_NAME = AccentColor;
				CODE_SIGN_ENTITLEMENTS = "macOS (App)/LeetHub v2.entitlements";
				CODE_SIGN_STYLE = Automatic;
				CURRENT_PROJECT_VERSION = 1;
				ENABLE_HARDENED_RUNTIME = YES;
				GENERATE_INFOPLIST_FILE = YES;
				INFOPLIST_FILE = "macOS (App)/Info.plist";
				INFOPLIST_KEY_CFBundleDisplayName = "LeetHub v2";
				INFOPLIST_KEY_NSMainStoryboardFile = Main;
				INFOPLIST_KEY_NSPrincipalClass = NSApplication;
				LD_RUNPATH_SEARCH_PATHS = (
					"$(inherited)",
					"@executable_path/../Frameworks",
				);
				MACOSX_DEPLOYMENT_TARGET = 10.14;
				MARKETING_VERSION = 1.0;
				OTHER_LDFLAGS = (
					"-framework",
					SafariServices,
					"-framework",
					WebKit,
				);
				PRODUCT_BUNDLE_IDENTIFIER = "com.github.LeetHub-v2";
				PRODUCT_NAME = "LeetHub v2";
				SDKROOT = macosx;
				SWIFT_EMIT_LOC_STRINGS = YES;
				SWIFT_VERSION = 5.0;
			};
			name = Release;
		};
/* End XCBuildConfiguration section */

/* Begin XCConfigurationList section */
		F3F48DD62B14349800BE7682 /* Build configuration list for PBXProject "LeetHub v2" */ = {
			isa = XCConfigurationList;
			buildConfigurations = (
				F3F48E242B14349A00BE7682 /* Debug */,
				F3F48E252B14349A00BE7682 /* Release */,
			);
			defaultConfigurationIsVisible = 0;
			defaultConfigurationName = Release;
		};
		F3F48E262B14349A00BE7682 /* Build configuration list for PBXNativeTarget "LeetHub v2 Extension (iOS)" */ = {
			isa = XCConfigurationList;
			buildConfigurations = (
				F3F48E272B14349A00BE7682 /* Debug */,
				F3F48E282B14349A00BE7682 /* Release */,
			);
			defaultConfigurationIsVisible = 0;
			defaultConfigurationName = Release;
		};
		F3F48E2A2B14349A00BE7682 /* Build configuration list for PBXNativeTarget "LeetHub v2 (iOS)" */ = {
			isa = XCConfigurationList;
			buildConfigurations = (
				F3F48E2B2B14349A00BE7682 /* Debug */,
				F3F48E2C2B14349A00BE7682 /* Release */,
			);
			defaultConfigurationIsVisible = 0;
			defaultConfigurationName = Release;
		};
		F3F48E2D2B14349A00BE7682 /* Build configuration list for PBXNativeTarget "LeetHub v2 Extension (macOS)" */ = {
			isa = XCConfigurationList;
			buildConfigurations = (
				F3F48E2E2B14349A00BE7682 /* Debug */,
				F3F48E2F2B14349A00BE7682 /* Release */,
			);
			defaultConfigurationIsVisible = 0;
			defaultConfigurationName = Release;
		};
		F3F48E312B14349A00BE7682 /* Build configuration list for PBXNativeTarget "LeetHub v2 (macOS)" */ = {
			isa = XCConfigurationList;
			buildConfigurations = (
				F3F48E322B14349A00BE7682 /* Debug */,
				F3F48E332B14349A00BE7682 /* Release */,
			);
			defaultConfigurationIsVisible = 0;
			defaultConfigurationName = Release;
		};
/* End XCConfigurationList section */
	};
	rootObject = F3F48DD32B14349800BE7682 /* Project object */;
}
